
Microsoft Visual Studio Solution File, Format Version 11.00
# Visual Studio 2010
Project("{FAE04EC0-301F-11D3-BF4B-00C04F79EFBC}") = "Planet Gen", "Assembly-CSharp.csproj", "{964368DE-9B68-3990-EE93-FA8011EA13CA}"
EndProject
Project("{FAE04EC0-301F-11D3-BF4B-00C04F79EFBC}") = "Planet Gen", "Assembly-CSharp-Editor.csproj", "{947EF3BC-13EF-753F-CFF4-E071FB0ABC36}"
EndProject
Global
	GlobalSection(SolutionConfigurationPlatforms) = preSolution
		Debug|Any CPU = Debug|Any CPU
		Release|Any CPU = Release|Any CPU
	EndGlobalSection
	GlobalSection(ProjectConfigurationPlatforms) = postSolution
		{964368DE-9B68-3990-EE93-FA8011EA13CA}.Debug|Any CPU.ActiveCfg = Debug|Any CPU
		{964368DE-9B68-3990-EE93-FA8011EA13CA}.Debug|Any CPU.Build.0 = Debug|Any CPU
		{964368DE-9B68-3990-EE93-FA8011EA13CA}.Release|Any CPU.ActiveCfg = Release|Any CPU
		{964368DE-9B68-3990-EE93-FA8011EA13CA}.Release|Any CPU.Build.0 = Release|Any CPU
		{947EF3BC-13EF-753F-CFF4-E071FB0ABC36}.Debug|Any CPU.ActiveCfg = Debug|Any CPU
		{947EF3BC-13EF-753F-CFF4-E071FB0ABC36}.Debug|Any CPU.Build.0 = Debug|Any CPU
		{947EF3BC-13EF-753F-CFF4-E071FB0ABC36}.Release|Any CPU.ActiveCfg = Release|Any CPU
		{947EF3BC-13EF-753F-CFF4-E071FB0ABC36}.Release|Any CPU.Build.0 = Release|Any CPU
	EndGlobalSection
	GlobalSection(SolutionProperties) = preSolution
		HideSolutionNode = FALSE
	EndGlobalSection
	GlobalSection(MonoDevelopProperties) = preSolution
		StartupItem = Assembly-CSharp.csproj
	EndGlobalSection
EndGlobal
