Microsoft Visual Studio Solution File, Format Version 11.00
# Visual Studio 2008

Project("{CD0DB176-0A2B-6FC6-625D-540696057823}") = "L-System", "Assembly-CSharp.csproj", "{6260C1D9-6C78-00FD-B085-41AF420CC2FA}"
EndProject
Project("{CD0DB176-0A2B-6FC6-625D-540696057823}") = "L-System", "Assembly-CSharp-Editor.csproj", "{E3569F51-2D71-9111-6B62-A1E0E613711A}"
EndProject
Global
	GlobalSection(SolutionConfigurationPlatforms) = preSolution
		Debug|Any CPU = Debug|Any CPU
		Release|Any CPU = Release|Any CPU
	EndGlobalSection
	GlobalSection(ProjectConfigurationPlatforms) = postSolution
		{6260C1D9-6C78-00FD-B085-41AF420CC2FA}.Debug|Any CPU.ActiveCfg = Debug|Any CPU
		{6260C1D9-6C78-00FD-B085-41AF420CC2FA}.Debug|Any CPU.Build.0 = Debug|Any CPU
		{6260C1D9-6C78-00FD-B085-41AF420CC2FA}.Release|Any CPU.ActiveCfg = Release|Any CPU
		{6260C1D9-6C78-00FD-B085-41AF420CC2FA}.Release|Any CPU.Build.0 = Release|Any CPU
		{E3569F51-2D71-9111-6B62-A1E0E613711A}.Debug|Any CPU.ActiveCfg = Debug|Any CPU
		{E3569F51-2D71-9111-6B62-A1E0E613711A}.Debug|Any CPU.Build.0 = Debug|Any CPU
		{E3569F51-2D71-9111-6B62-A1E0E613711A}.Release|Any CPU.ActiveCfg = Release|Any CPU
		{E3569F51-2D71-9111-6B62-A1E0E613711A}.Release|Any CPU.Build.0 = Release|Any CPU
	EndGlobalSection
	GlobalSection(SolutionProperties) = preSolution
		HideSolutionNode = FALSE
	EndGlobalSection
	GlobalSection(MonoDevelopProperties) = preSolution
		StartupItem = Assembly-CSharp.csproj
	EndGlobalSection
EndGlobal
